
Microsoft Visual Studio Solution File, Format Version 12.00
# Visual Studio Version 16
VisualStudioVersion = 16.0.31624.102
MinimumVisualStudioVersion = 10.0.40219.1
Project("{FAE04EC0-301F-11D3-BF4B-00C04F79EFBC}") = "TSO_GO3_THEMA4_WPF_GUI", "TSO_GO3_THEMA4_WPF_GUI\TSO_GO3_THEMA4_WPF_GUI.csproj", "{C4ABF7F9-153A-4933-B87A-6A2B4967FAE6}"
EndProject
Global
	GlobalSection(SolutionConfigurationPlatforms) = preSolution
		Debug|Any CPU = Debug|Any CPU
		Release|Any CPU = Release|Any CPU
	EndGlobalSection
	GlobalSection(ProjectConfigurationPlatforms) = postSolution
		{C4ABF7F9-153A-4933-B87A-6A2B4967FAE6}.Debug|Any CPU.ActiveCfg = Debug|Any CPU
		{C4ABF7F9-153A-4933-B87A-6A2B4967FAE6}.Debug|Any CPU.Build.0 = Debug|Any CPU
		{C4ABF7F9-153A-4933-B87A-6A2B4967FAE6}.Release|Any CPU.ActiveCfg = Release|Any CPU
		{C4ABF7F9-153A-4933-B87A-6A2B4967FAE6}.Release|Any CPU.Build.0 = Release|Any CPU
	EndGlobalSection
	GlobalSection(SolutionProperties) = preSolution
		HideSolutionNode = FALSE
	EndGlobalSection
	GlobalSection(ExtensibilityGlobals) = postSolution
		SolutionGuid = {54CF9962-D756-4D59-9249-42DF892F241D}
	EndGlobalSection
EndGlobal
